
Microsoft Visual Studio Solution File, Format Version 12.00
# Visual Studio Version 17
VisualStudioVersion = 17.6.33815.320
MinimumVisualStudioVersion = 10.0.40219.1
Project("{9A19103F-16F7-4668-BE54-9A1E7A4F7556}") = "Commy", "Commy.csproj", "{CD360A3A-B68D-43B0-9F74-135335C90C48}"
EndProject
Global
	GlobalSection(SolutionConfigurationPlatforms) = preSolution
		Debug|Any CPU = Debug|Any CPU
		Release|Any CPU = Release|Any CPU
	EndGlobalSection
	GlobalSection(ProjectConfigurationPlatforms) = postSolution
		{CD360A3A-B68D-43B0-9F74-135335C90C48}.Debug|Any CPU.ActiveCfg = Debug|Any CPU
		{CD360A3A-B68D-43B0-9F74-135335C90C48}.Debug|Any CPU.Build.0 = Debug|Any CPU
		{CD360A3A-B68D-43B0-9F74-135335C90C48}.Release|Any CPU.ActiveCfg = Release|Any CPU
		{CD360A3A-B68D-43B0-9F74-135335C90C48}.Release|Any CPU.Build.0 = Release|Any CPU
	EndGlobalSection
	GlobalSection(SolutionProperties) = preSolution
		HideSolutionNode = FALSE
	EndGlobalSection
	GlobalSection(ExtensibilityGlobals) = postSolution
		SolutionGuid = {0DA81188-BAFC-4C35-9C72-B0AC135F35F4}
	EndGlobalSection
EndGlobal
